
Microsoft Visual Studio Solution File, Format Version 12.00
# Visual Studio Version 16
VisualStudioVersion = 16.0.30128.74
MinimumVisualStudioVersion = 10.0.40219.1
Project("{9A19103F-16F7-4668-BE54-9A1E7A4F7556}") = "Core", "Core\Core.csproj", "{54B881A3-DF9B-4DB9-B2CB-51F8C82E4497}"
EndProject
Project("{9A19103F-16F7-4668-BE54-9A1E7A4F7556}") = "UnrealNoc.ConsoleApp", "Unreal-NocML.ConsoleApp\UnrealNoc.ConsoleApp.csproj", "{F7CEEA54-0F7D-4279-8102-7FE241DD13E7}"
EndProject
Project("{9A19103F-16F7-4668-BE54-9A1E7A4F7556}") = "WebApiReceiver", "WebApi\WebApiReceiver.csproj", "{86D05436-78E5-4EA2-9D1F-96C3546D22BF}"
EndProject
Global
	GlobalSection(SolutionConfigurationPlatforms) = preSolution
		Debug|Any CPU = Debug|Any CPU
		Release|Any CPU = Release|Any CPU
	EndGlobalSection
	GlobalSection(ProjectConfigurationPlatforms) = postSolution
		{54B881A3-DF9B-4DB9-B2CB-51F8C82E4497}.Debug|Any CPU.ActiveCfg = Debug|Any CPU
		{54B881A3-DF9B-4DB9-B2CB-51F8C82E4497}.Debug|Any CPU.Build.0 = Debug|Any CPU
		{54B881A3-DF9B-4DB9-B2CB-51F8C82E4497}.Release|Any CPU.ActiveCfg = Release|Any CPU
		{54B881A3-DF9B-4DB9-B2CB-51F8C82E4497}.Release|Any CPU.Build.0 = Release|Any CPU
		{F7CEEA54-0F7D-4279-8102-7FE241DD13E7}.Debug|Any CPU.ActiveCfg = Debug|Any CPU
		{F7CEEA54-0F7D-4279-8102-7FE241DD13E7}.Debug|Any CPU.Build.0 = Debug|Any CPU
		{F7CEEA54-0F7D-4279-8102-7FE241DD13E7}.Release|Any CPU.ActiveCfg = Release|Any CPU
		{F7CEEA54-0F7D-4279-8102-7FE241DD13E7}.Release|Any CPU.Build.0 = Release|Any CPU
		{86D05436-78E5-4EA2-9D1F-96C3546D22BF}.Debug|Any CPU.ActiveCfg = Debug|Any CPU
		{86D05436-78E5-4EA2-9D1F-96C3546D22BF}.Debug|Any CPU.Build.0 = Debug|Any CPU
		{86D05436-78E5-4EA2-9D1F-96C3546D22BF}.Release|Any CPU.ActiveCfg = Release|Any CPU
		{86D05436-78E5-4EA2-9D1F-96C3546D22BF}.Release|Any CPU.Build.0 = Release|Any CPU
	EndGlobalSection
	GlobalSection(SolutionProperties) = preSolution
		HideSolutionNode = FALSE
	EndGlobalSection
	GlobalSection(ExtensibilityGlobals) = postSolution
		SolutionGuid = {209292BA-A7A7-4398-BA55-ED8C0FB2E77D}
	EndGlobalSection
EndGlobal
